
Microsoft Visual Studio Solution File, Format Version 12.00
# Visual Studio Version 17
VisualStudioVersion = 17.5.33530.505
MinimumVisualStudioVersion = 10.0.40219.1
Project("{FAE04EC0-301F-11D3-BF4B-00C04F79EFBC}") = "gestionBancaireClient", "gestionBancaireClient\gestionBancaireClient.csproj", "{85DD79BF-CB46-4CBD-8090-BB93A938CF6F}"
EndProject
Global
	GlobalSection(SolutionConfigurationPlatforms) = preSolution
		Debug|Any CPU = Debug|Any CPU
		Release|Any CPU = Release|Any CPU
	EndGlobalSection
	GlobalSection(ProjectConfigurationPlatforms) = postSolution
		{85DD79BF-CB46-4CBD-8090-BB93A938CF6F}.Debug|Any CPU.ActiveCfg = Debug|Any CPU
		{85DD79BF-CB46-4CBD-8090-BB93A938CF6F}.Debug|Any CPU.Build.0 = Debug|Any CPU
		{85DD79BF-CB46-4CBD-8090-BB93A938CF6F}.Release|Any CPU.ActiveCfg = Release|Any CPU
		{85DD79BF-CB46-4CBD-8090-BB93A938CF6F}.Release|Any CPU.Build.0 = Release|Any CPU
	EndGlobalSection
	GlobalSection(SolutionProperties) = preSolution
		HideSolutionNode = FALSE
	EndGlobalSection
	GlobalSection(ExtensibilityGlobals) = postSolution
		SolutionGuid = {50F9F46E-8E78-41B1-B255-45A9C633B9B5}
	EndGlobalSection
EndGlobal
